
Microsoft Visual Studio Solution File, Format Version 10.00
# Visual Studio 2008
Project("{FAE04EC0-301F-11D3-BF4B-00C04F79EFBC}") = "Interop.ADOX", "Interop.ADOX.csproj", "{FA5D43A4-F70A-47DF-9CAF-B532EB3FD349}"
EndProject
Global
	GlobalSection(SolutionConfigurationPlatforms) = preSolution
		Debug|Any CPU = Debug|Any CPU
		Release|Any CPU = Release|Any CPU
	EndGlobalSection
	GlobalSection(ProjectConfigurationPlatforms) = postSolution
		{FA5D43A4-F70A-47DF-9CAF-B532EB3FD349}.Debug|Any CPU.ActiveCfg = Debug|Any CPU
		{FA5D43A4-F70A-47DF-9CAF-B532EB3FD349}.Debug|Any CPU.Build.0 = Debug|Any CPU
		{FA5D43A4-F70A-47DF-9CAF-B532EB3FD349}.Release|Any CPU.ActiveCfg = Release|Any CPU
		{FA5D43A4-F70A-47DF-9CAF-B532EB3FD349}.Release|Any CPU.Build.0 = Release|Any CPU
	EndGlobalSection
	GlobalSection(SolutionProperties) = preSolution
		HideSolutionNode = FALSE
	EndGlobalSection
EndGlobal
