
Microsoft Visual Studio Solution File, Format Version 9.00
# Visual Studio 2005
Project("{FAE04EC0-301F-11D3-BF4B-00C04F79EFBC}") = "Microsoft.Office.Interop.Word", "Microsoft.Office.Interop.Word.csproj", "{AA3877F0-7DA5-4754-9541-7635D6B36595}"
EndProject
Global
	GlobalSection(SolutionConfigurationPlatforms) = preSolution
		Debug|Any CPU = Debug|Any CPU
		Release|Any CPU = Release|Any CPU
	EndGlobalSection
	GlobalSection(ProjectConfigurationPlatforms) = postSolution
		{AA3877F0-7DA5-4754-9541-7635D6B36595}.Debug|Any CPU.ActiveCfg = Debug|Any CPU
		{AA3877F0-7DA5-4754-9541-7635D6B36595}.Debug|Any CPU.Build.0 = Debug|Any CPU
		{AA3877F0-7DA5-4754-9541-7635D6B36595}.Release|Any CPU.ActiveCfg = Release|Any CPU
		{AA3877F0-7DA5-4754-9541-7635D6B36595}.Release|Any CPU.Build.0 = Release|Any CPU
	EndGlobalSection
	GlobalSection(SolutionProperties) = preSolution
		HideSolutionNode = FALSE
	EndGlobalSection
EndGlobal
